// !$*UTF8*$!
{
	archiveVersion = 1;
	classes = {
	};
	objectVersion = 50;
	objects = {

/* Begin PBXBuildFile section */
		B52D57F8258C346C0024FA43 /* NotePaste.swift in Sources */ = {isa = PBXBuildFile; fileRef = B52D57F7258C346C0024FA43 /* NotePaste.swift */; };
		B53348822573156D0008FB49 /* Partition.swift in Sources */ = {isa = PBXBuildFile; fileRef = B53348812573156D0008FB49 /* Partition.swift */; };
		B533488725732B820008FB49 /* WAVLTests.swift in Sources */ = {isa = PBXBuildFile; fileRef = B533488625732B820008FB49 /* WAVLTests.swift */; };
		B533488C2573D1570008FB49 /* ObservableProxy.swift in Sources */ = {isa = PBXBuildFile; fileRef = B533488B2573D1570008FB49 /* ObservableProxy.swift */; };
		B53C4C7325992EC900DCED26 /* TextState.swift in Sources */ = {isa = PBXBuildFile; fileRef = B53C4C7225992EC900DCED26 /* TextState.swift */; };
		B56B368625515B1B006C1FA6 /* ListuffApp.swift in Sources */ = {isa = PBXBuildFile; fileRef = B56B368525515B1B006C1FA6 /* ListuffApp.swift */; };
		B56B368825515B1B006C1FA6 /* ContentView.swift in Sources */ = {isa = PBXBuildFile; fileRef = B56B368725515B1B006C1FA6 /* ContentView.swift */; };
		B56B368A25515B1C006C1FA6 /* Assets.xcassets in Resources */ = {isa = PBXBuildFile; fileRef = B56B368925515B1C006C1FA6 /* Assets.xcassets */; };
		B56B368D25515B1C006C1FA6 /* Preview Assets.xcassets in Resources */ = {isa = PBXBuildFile; fileRef = B56B368C25515B1C006C1FA6 /* Preview Assets.xcassets */; };
		B56B368F25515B1C006C1FA6 /* Persistence.swift in Sources */ = {isa = PBXBuildFile; fileRef = B56B368E25515B1C006C1FA6 /* Persistence.swift */; };
		B56B369225515B1C006C1FA6 /* Listuff.xcdatamodeld in Sources */ = {isa = PBXBuildFile; fileRef = B56B369025515B1C006C1FA6 /* Listuff.xcdatamodeld */; };
		B56B369D25515B1C006C1FA6 /* ListuffTests.swift in Sources */ = {isa = PBXBuildFile; fileRef = B56B369C25515B1C006C1FA6 /* ListuffTests.swift */; };
		B56B36A825515B1C006C1FA6 /* ListuffUITests.swift in Sources */ = {isa = PBXBuildFile; fileRef = B56B36A725515B1C006C1FA6 /* ListuffUITests.swift */; };
		B5A165CE25A0A63200B483E3 /* Structure.swift in Sources */ = {isa = PBXBuildFile; fileRef = B5A165CD25A0A63200B483E3 /* Structure.swift */; };
		B5BEC4A625A9D14900E52B5E /* NSRange.swift in Sources */ = {isa = PBXBuildFile; fileRef = B5BEC4A525A9D14900E52B5E /* NSRange.swift */; };
		B5BEC4AE25A9D4AD00E52B5E /* String.swift in Sources */ = {isa = PBXBuildFile; fileRef = B5BEC4AD25A9D4AD00E52B5E /* String.swift */; };
		B5BEC4B325A9D68500E52B5E /* CGPoint.swift in Sources */ = {isa = PBXBuildFile; fileRef = B5BEC4B225A9D68500E52B5E /* CGPoint.swift */; };
		B5BEC4B825A9F99A00E52B5E /* TextView.swift in Sources */ = {isa = PBXBuildFile; fileRef = B5BEC4B725A9F99A00E52B5E /* TextView.swift */; };
		B5BEC4C325AB278400E52B5E /* SidebarView.swift in Sources */ = {isa = PBXBuildFile; fileRef = B5BEC4C225AB278400E52B5E /* SidebarView.swift */; };
		B5C0BA8A25AE58AE003C5093 /* NodeAppender.swift in Sources */ = {isa = PBXBuildFile; fileRef = B5C0BA8925AE58AE003C5093 /* NodeAppender.swift */; };
		B5C0BA9825B0E430003C5093 /* DocData.swift in Sources */ = {isa = PBXBuildFile; fileRef = B5C0BA9725B0E430003C5093 /* DocData.swift */; };
/* End PBXBuildFile section */

/* Begin PBXContainerItemProxy section */
		B56B369925515B1C006C1FA6 /* PBXContainerItemProxy */ = {
			isa = PBXContainerItemProxy;
			containerPortal = B56B367A25515B1B006C1FA6 /* Project object */;
			proxyType = 1;
			remoteGlobalIDString = B56B368125515B1B006C1FA6;
			remoteInfo = Listuff;
		};
		B56B36A425515B1C006C1FA6 /* PBXContainerItemProxy */ = {
			isa = PBXContainerItemProxy;
			containerPortal = B56B367A25515B1B006C1FA6 /* Project object */;
			proxyType = 1;
			remoteGlobalIDString = B56B368125515B1B006C1FA6;
			remoteInfo = Listuff;
		};
/* End PBXContainerItemProxy section */

/* Begin PBXFileReference section */
		B52D57F7258C346C0024FA43 /* NotePaste.swift */ = {isa = PBXFileReference; lastKnownFileType = sourcecode.swift; path = NotePaste.swift; sourceTree = "<group>"; };
		B53348812573156D0008FB49 /* Partition.swift */ = {isa = PBXFileReference; lastKnownFileType = sourcecode.swift; path = Partition.swift; sourceTree = "<group>"; };
		B533488625732B820008FB49 /* WAVLTests.swift */ = {isa = PBXFileReference; lastKnownFileType = sourcecode.swift; path = WAVLTests.swift; sourceTree = "<group>"; };
		B533488B2573D1570008FB49 /* ObservableProxy.swift */ = {isa = PBXFileReference; lastKnownFileType = sourcecode.swift; path = ObservableProxy.swift; sourceTree = "<group>"; };
		B53C4C7225992EC900DCED26 /* TextState.swift */ = {isa = PBXFileReference; lastKnownFileType = sourcecode.swift; path = TextState.swift; sourceTree = "<group>"; };
		B56B368225515B1B006C1FA6 /* Listuff.app */ = {isa = PBXFileReference; explicitFileType = wrapper.application; includeInIndex = 0; path = Listuff.app; sourceTree = BUILT_PRODUCTS_DIR; };
		B56B368525515B1B006C1FA6 /* ListuffApp.swift */ = {isa = PBXFileReference; lastKnownFileType = sourcecode.swift; path = ListuffApp.swift; sourceTree = "<group>"; };
		B56B368725515B1B006C1FA6 /* ContentView.swift */ = {isa = PBXFileReference; lastKnownFileType = sourcecode.swift; path = ContentView.swift; sourceTree = "<group>"; };
		B56B368925515B1C006C1FA6 /* Assets.xcassets */ = {isa = PBXFileReference; lastKnownFileType = folder.assetcatalog; path = Assets.xcassets; sourceTree = "<group>"; };
		B56B368C25515B1C006C1FA6 /* Preview Assets.xcassets */ = {isa = PBXFileReference; lastKnownFileType = folder.assetcatalog; path = "Preview Assets.xcassets"; sourceTree = "<group>"; };
		B56B368E25515B1C006C1FA6 /* Persistence.swift */ = {isa = PBXFileReference; lastKnownFileType = sourcecode.swift; path = Persistence.swift; sourceTree = "<group>"; };
		B56B369125515B1C006C1FA6 /* Listuff.xcdatamodel */ = {isa = PBXFileReference; lastKnownFileType = wrapper.xcdatamodel; path = Listuff.xcdatamodel; sourceTree = "<group>"; };
		B56B369325515B1C006C1FA6 /* Info.plist */ = {isa = PBXFileReference; lastKnownFileType = text.plist.xml; path = Info.plist; sourceTree = "<group>"; };
		B56B369825515B1C006C1FA6 /* ListuffTests.xctest */ = {isa = PBXFileReference; explicitFileType = wrapper.cfbundle; includeInIndex = 0; path = ListuffTests.xctest; sourceTree = BUILT_PRODUCTS_DIR; };
		B56B369C25515B1C006C1FA6 /* ListuffTests.swift */ = {isa = PBXFileReference; lastKnownFileType = sourcecode.swift; path = ListuffTests.swift; sourceTree = "<group>"; };
		B56B369E25515B1C006C1FA6 /* Info.plist */ = {isa = PBXFileReference; lastKnownFileType = text.plist.xml; path = Info.plist; sourceTree = "<group>"; };
		B56B36A325515B1C006C1FA6 /* ListuffUITests.xctest */ = {isa = PBXFileReference; explicitFileType = wrapper.cfbundle; includeInIndex = 0; path = ListuffUITests.xctest; sourceTree = BUILT_PRODUCTS_DIR; };
		B56B36A725515B1C006C1FA6 /* ListuffUITests.swift */ = {isa = PBXFileReference; lastKnownFileType = sourcecode.swift; path = ListuffUITests.swift; sourceTree = "<group>"; };
		B56B36A925515B1C006C1FA6 /* Info.plist */ = {isa = PBXFileReference; lastKnownFileType = text.plist.xml; path = Info.plist; sourceTree = "<group>"; };
		B5A165CD25A0A63200B483E3 /* Structure.swift */ = {isa = PBXFileReference; lastKnownFileType = sourcecode.swift; path = Structure.swift; sourceTree = "<group>"; };
		B5BEC4A525A9D14900E52B5E /* NSRange.swift */ = {isa = PBXFileReference; lastKnownFileType = sourcecode.swift; path = NSRange.swift; sourceTree = "<group>"; };
		B5BEC4AD25A9D4AD00E52B5E /* String.swift */ = {isa = PBXFileReference; lastKnownFileType = sourcecode.swift; path = String.swift; sourceTree = "<group>"; };
		B5BEC4B225A9D68500E52B5E /* CGPoint.swift */ = {isa = PBXFileReference; lastKnownFileType = sourcecode.swift; path = CGPoint.swift; sourceTree = "<group>"; };
		B5BEC4B725A9F99A00E52B5E /* TextView.swift */ = {isa = PBXFileReference; lastKnownFileType = sourcecode.swift; path = TextView.swift; sourceTree = "<group>"; };
		B5BEC4C225AB278400E52B5E /* SidebarView.swift */ = {isa = PBXFileReference; lastKnownFileType = sourcecode.swift; path = SidebarView.swift; sourceTree = "<group>"; };
		B5C0BA8925AE58AE003C5093 /* NodeAppender.swift */ = {isa = PBXFileReference; lastKnownFileType = sourcecode.swift; path = NodeAppender.swift; sourceTree = "<group>"; };
		B5C0BA9725B0E430003C5093 /* DocData.swift */ = {isa = PBXFileReference; lastKnownFileType = sourcecode.swift; path = DocData.swift; sourceTree = "<group>"; };
/* End PBXFileReference section */

/* Begin PBXFrameworksBuildPhase section */
		B56B367F25515B1B006C1FA6 /* Frameworks */ = {
			isa = PBXFrameworksBuildPhase;
			buildActionMask = 2147483647;
			files = (
			);
			runOnlyForDeploymentPostprocessing = 0;
		};
		B56B369525515B1C006C1FA6 /* Frameworks */ = {
			isa = PBXFrameworksBuildPhase;
			buildActionMask = 2147483647;
			files = (
			);
			runOnlyForDeploymentPostprocessing = 0;
		};
		B56B36A025515B1C006C1FA6 /* Frameworks */ = {
			isa = PBXFrameworksBuildPhase;
			buildActionMask = 2147483647;
			files = (
			);
			runOnlyForDeploymentPostprocessing = 0;
		};
/* End PBXFrameworksBuildPhase section */

/* Begin PBXGroup section */
		B56B367925515B1B006C1FA6 = {
			isa = PBXGroup;
			children = (
				B56B368425515B1B006C1FA6 /* Listuff */,
				B56B369B25515B1C006C1FA6 /* ListuffTests */,
				B56B36A625515B1C006C1FA6 /* ListuffUITests */,
				B56B368325515B1B006C1FA6 /* Products */,
			);
			sourceTree = "<group>";
		};
		B56B368325515B1B006C1FA6 /* Products */ = {
			isa = PBXGroup;
			children = (
				B56B368225515B1B006C1FA6 /* Listuff.app */,
				B56B369825515B1C006C1FA6 /* ListuffTests.xctest */,
				B56B36A325515B1C006C1FA6 /* ListuffUITests.xctest */,
			);
			name = Products;
			sourceTree = "<group>";
		};
		B56B368425515B1B006C1FA6 /* Listuff */ = {
			isa = PBXGroup;
			children = (
				B56B368925515B1C006C1FA6 /* Assets.xcassets */,
				B5BEC4B225A9D68500E52B5E /* CGPoint.swift */,
				B56B368725515B1B006C1FA6 /* ContentView.swift */,
				B56B369325515B1C006C1FA6 /* Info.plist */,
				B56B369025515B1C006C1FA6 /* Listuff.xcdatamodeld */,
				B56B368525515B1B006C1FA6 /* ListuffApp.swift */,
				B5C0BA8925AE58AE003C5093 /* NodeAppender.swift */,
				B52D57F7258C346C0024FA43 /* NotePaste.swift */,
				B5BEC4A525A9D14900E52B5E /* NSRange.swift */,
				B533488B2573D1570008FB49 /* ObservableProxy.swift */,
				B53348812573156D0008FB49 /* Partition.swift */,
				B56B368E25515B1C006C1FA6 /* Persistence.swift */,
				B56B368B25515B1C006C1FA6 /* Preview Content */,
				B5BEC4C225AB278400E52B5E /* SidebarView.swift */,
				B5BEC4AD25A9D4AD00E52B5E /* String.swift */,
				B5A165CD25A0A63200B483E3 /* Structure.swift */,
				B53C4C7225992EC900DCED26 /* TextState.swift */,
				B5BEC4B725A9F99A00E52B5E /* TextView.swift */,
				B5C0BA9725B0E430003C5093 /* DocData.swift */,
			);
			path = Listuff;
			sourceTree = "<group>";
		};
		B56B368B25515B1C006C1FA6 /* Preview Content */ = {
			isa = PBXGroup;
			children = (
				B56B368C25515B1C006C1FA6 /* Preview Assets.xcassets */,
			);
			path = "Preview Content";
			sourceTree = "<group>";
		};
		B56B369B25515B1C006C1FA6 /* ListuffTests */ = {
			isa = PBXGroup;
			children = (
				B56B369C25515B1C006C1FA6 /* ListuffTests.swift */,
				B56B369E25515B1C006C1FA6 /* Info.plist */,
				B533488625732B820008FB49 /* WAVLTests.swift */,
			);
			path = ListuffTests;
			sourceTree = "<group>";
		};
		B56B36A625515B1C006C1FA6 /* ListuffUITests */ = {
			isa = PBXGroup;
			children = (
				B56B36A725515B1C006C1FA6 /* ListuffUITests.swift */,
				B56B36A925515B1C006C1FA6 /* Info.plist */,
			);
			path = ListuffUITests;
			sourceTree = "<group>";
		};
/* End PBXGroup section */

/* Begin PBXNativeTarget section */
		B56B368125515B1B006C1FA6 /* Listuff */ = {
			isa = PBXNativeTarget;
			buildConfigurationList = B56B36AC25515B1C006C1FA6 /* Build configuration list for PBXNativeTarget "Listuff" */;
			buildPhases = (
				B56B367E25515B1B006C1FA6 /* Sources */,
				B56B367F25515B1B006C1FA6 /* Frameworks */,
				B56B368025515B1B006C1FA6 /* Resources */,
			);
			buildRules = (
			);
			dependencies = (
			);
			name = Listuff;
			productName = Listuff;
			productReference = B56B368225515B1B006C1FA6 /* Listuff.app */;
			productType = "com.apple.product-type.application";
		};
		B56B369725515B1C006C1FA6 /* ListuffTests */ = {
			isa = PBXNativeTarget;
			buildConfigurationList = B56B36AF25515B1C006C1FA6 /* Build configuration list for PBXNativeTarget "ListuffTests" */;
			buildPhases = (
				B56B369425515B1C006C1FA6 /* Sources */,
				B56B369525515B1C006C1FA6 /* Frameworks */,
				B56B369625515B1C006C1FA6 /* Resources */,
			);
			buildRules = (
			);
			dependencies = (
				B56B369A25515B1C006C1FA6 /* PBXTargetDependency */,
			);
			name = ListuffTests;
			productName = ListuffTests;
			productReference = B56B369825515B1C006C1FA6 /* ListuffTests.xctest */;
			productType = "com.apple.product-type.bundle.unit-test";
		};
		B56B36A225515B1C006C1FA6 /* ListuffUITests */ = {
			isa = PBXNativeTarget;
			buildConfigurationList = B56B36B225515B1C006C1FA6 /* Build configuration list for PBXNativeTarget "ListuffUITests" */;
			buildPhases = (
				B56B369F25515B1C006C1FA6 /* Sources */,
				B56B36A025515B1C006C1FA6 /* Frameworks */,
				B56B36A125515B1C006C1FA6 /* Resources */,
			);
			buildRules = (
			);
			dependencies = (
				B56B36A525515B1C006C1FA6 /* PBXTargetDependency */,
			);
			name = ListuffUITests;
			productName = ListuffUITests;
			productReference = B56B36A325515B1C006C1FA6 /* ListuffUITests.xctest */;
			productType = "com.apple.product-type.bundle.ui-testing";
		};
/* End PBXNativeTarget section */

/* Begin PBXProject section */
		B56B367A25515B1B006C1FA6 /* Project object */ = {
			isa = PBXProject;
			attributes = {
				LastSwiftUpdateCheck = 1210;
				LastUpgradeCheck = 1210;
				TargetAttributes = {
					B56B368125515B1B006C1FA6 = {
						CreatedOnToolsVersion = 12.1;
					};
					B56B369725515B1C006C1FA6 = {
						CreatedOnToolsVersion = 12.1;
						TestTargetID = B56B368125515B1B006C1FA6;
					};
					B56B36A225515B1C006C1FA6 = {
						CreatedOnToolsVersion = 12.1;
						TestTargetID = B56B368125515B1B006C1FA6;
					};
				};
			};
			buildConfigurationList = B56B367D25515B1B006C1FA6 /* Build configuration list for PBXProject "Listuff" */;
			compatibilityVersion = "Xcode 9.3";
			developmentRegion = en;
			hasScannedForEncodings = 0;
			knownRegions = (
				en,
				Base,
			);
			mainGroup = B56B367925515B1B006C1FA6;
			productRefGroup = B56B368325515B1B006C1FA6 /* Products */;
			projectDirPath = "";
			projectRoot = "";
			targets = (
				B56B368125515B1B006C1FA6 /* Listuff */,
				B56B369725515B1C006C1FA6 /* ListuffTests */,
				B56B36A225515B1C006C1FA6 /* ListuffUITests */,
			);
		};
/* End PBXProject section */

/* Begin PBXResourcesBuildPhase section */
		B56B368025515B1B006C1FA6 /* Resources */ = {
			isa = PBXResourcesBuildPhase;
			buildActionMask = 2147483647;
			files = (
				B56B368D25515B1C006C1FA6 /* Preview Assets.xcassets in Resources */,
				B56B368A25515B1C006C1FA6 /* Assets.xcassets in Resources */,
			);
			runOnlyForDeploymentPostprocessing = 0;
		};
		B56B369625515B1C006C1FA6 /* Resources */ = {
			isa = PBXResourcesBuildPhase;
			buildActionMask = 2147483647;
			files = (
			);
			runOnlyForDeploymentPostprocessing = 0;
		};
		B56B36A125515B1C006C1FA6 /* Resources */ = {
			isa = PBXResourcesBuildPhase;
			buildActionMask = 2147483647;
			files = (
			);
			runOnlyForDeploymentPostprocessing = 0;
		};
/* End PBXResourcesBuildPhase section */

/* Begin PBXSourcesBuildPhase section */
		B56B367E25515B1B006C1FA6 /* Sources */ = {
			isa = PBXSourcesBuildPhase;
			buildActionMask = 2147483647;
			files = (
				B53C4C7325992EC900DCED26 /* TextState.swift in Sources */,
				B5BEC4AE25A9D4AD00E52B5E /* String.swift in Sources */,
				B56B368F25515B1C006C1FA6 /* Persistence.swift in Sources */,
				B5BEC4B825A9F99A00E52B5E /* TextView.swift in Sources */,
				B5BEC4A625A9D14900E52B5E /* NSRange.swift in Sources */,
				B5C0BA8A25AE58AE003C5093 /* NodeAppender.swift in Sources */,
				B5BEC4B325A9D68500E52B5E /* CGPoint.swift in Sources */,
				B56B369225515B1C006C1FA6 /* Listuff.xcdatamodeld in Sources */,
				B5C0BA9825B0E430003C5093 /* DocData.swift in Sources */,
				B52D57F8258C346C0024FA43 /* NotePaste.swift in Sources */,
				B53348822573156D0008FB49 /* Partition.swift in Sources */,
				B5BEC4C325AB278400E52B5E /* SidebarView.swift in Sources */,
				B5A165CE25A0A63200B483E3 /* Structure.swift in Sources */,
				B56B368825515B1B006C1FA6 /* ContentView.swift in Sources */,
				B56B368625515B1B006C1FA6 /* ListuffApp.swift in Sources */,
				B533488C2573D1570008FB49 /* ObservableProxy.swift in Sources */,
			);
			runOnlyForDeploymentPostprocessing = 0;
		};
		B56B369425515B1C006C1FA6 /* Sources */ = {
			isa = PBXSourcesBuildPhase;
			buildActionMask = 2147483647;
			files = (
				B56B369D25515B1C006C1FA6 /* ListuffTests.swift in Sources */,
				B533488725732B820008FB49 /* WAVLTests.swift in Sources */,
			);
			runOnlyForDeploymentPostprocessing = 0;
		};
		B56B369F25515B1C006C1FA6 /* Sources */ = {
			isa = PBXSourcesBuildPhase;
			buildActionMask = 2147483647;
			files = (
				B56B36A825515B1C006C1FA6 /* ListuffUITests.swift in Sources */,
			);
			runOnlyForDeploymentPostprocessing = 0;
		};
/* End PBXSourcesBuildPhase section */

/* Begin PBXTargetDependency section */
		B56B369A25515B1C006C1FA6 /* PBXTargetDependency */ = {
			isa = PBXTargetDependency;
			target = B56B368125515B1B006C1FA6 /* Listuff */;
			targetProxy = B56B369925515B1C006C1FA6 /* PBXContainerItemProxy */;
		};
		B56B36A525515B1C006C1FA6 /* PBXTargetDependency */ = {
			isa = PBXTargetDependency;
			target = B56B368125515B1B006C1FA6 /* Listuff */;
			targetProxy = B56B36A425515B1C006C1FA6 /* PBXContainerItemProxy */;
		};
/* End PBXTargetDependency section */

/* Begin XCBuildConfiguration section */
		B56B36AA25515B1C006C1FA6 /* Debug */ = {
			isa = XCBuildConfiguration;
			buildSettings = {
				ALWAYS_SEARCH_USER_PATHS = NO;
				CLANG_ANALYZER_NONNULL = YES;
				CLANG_ANALYZER_NUMBER_OBJECT_CONVERSION = YES_AGGRESSIVE;
				CLANG_CXX_LANGUAGE_STANDARD = "gnu++14";
				CLANG_CXX_LIBRARY = "libc++";
				CLANG_ENABLE_MODULES = YES;
				CLANG_ENABLE_OBJC_ARC = YES;
				CLANG_ENABLE_OBJC_WEAK = YES;
				CLANG_WARN_BLOCK_CAPTURE_AUTORELEASING = YES;
				CLANG_WARN_BOOL_CONVERSION = YES;
				CLANG_WARN_COMMA = YES;
				CLANG_WARN_CONSTANT_CONVERSION = YES;
				CLANG_WARN_DEPRECATED_OBJC_IMPLEMENTATIONS = YES;
				CLANG_WARN_DIRECT_OBJC_ISA_USAGE = YES_ERROR;
				CLANG_WARN_DOCUMENTATION_COMMENTS = YES;
				CLANG_WARN_EMPTY_BODY = YES;
				CLANG_WARN_ENUM_CONVERSION = YES;
				CLANG_WARN_INFINITE_RECURSION = YES;
				CLANG_WARN_INT_CONVERSION = YES;
				CLANG_WARN_NON_LITERAL_NULL_CONVERSION = YES;
				CLANG_WARN_OBJC_IMPLICIT_RETAIN_SELF = YES;
				CLANG_WARN_OBJC_LITERAL_CONVERSION = YES;
				CLANG_WARN_OBJC_ROOT_CLASS = YES_ERROR;
				CLANG_WARN_QUOTED_INCLUDE_IN_FRAMEWORK_HEADER = YES;
				CLANG_WARN_RANGE_LOOP_ANALYSIS = YES;
				CLANG_WARN_STRICT_PROTOTYPES = YES;
				CLANG_WARN_SUSPICIOUS_MOVE = YES;
				CLANG_WARN_UNGUARDED_AVAILABILITY = YES_AGGRESSIVE;
				CLANG_WARN_UNREACHABLE_CODE = YES;
				CLANG_WARN__DUPLICATE_METHOD_MATCH = YES;
				COPY_PHASE_STRIP = NO;
				DEBUG_INFORMATION_FORMAT = dwarf;
				ENABLE_STRICT_OBJC_MSGSEND = YES;
				ENABLE_TESTABILITY = YES;
				GCC_C_LANGUAGE_STANDARD = gnu11;
				GCC_DYNAMIC_NO_PIC = NO;
				GCC_NO_COMMON_BLOCKS = YES;
				GCC_OPTIMIZATION_LEVEL = 0;
				GCC_PREPROCESSOR_DEFINITIONS = (
					"DEBUG=1",
					"$(inherited)",
				);
				GCC_WARN_64_TO_32_BIT_CONVERSION = YES;
				GCC_WARN_ABOUT_RETURN_TYPE = YES_ERROR;
				GCC_WARN_UNDECLARED_SELECTOR = YES;
				GCC_WARN_UNINITIALIZED_AUTOS = YES_AGGRESSIVE;
				GCC_WARN_UNUSED_FUNCTION = YES;
				GCC_WARN_UNUSED_VARIABLE = YES;
				IPHONEOS_DEPLOYMENT_TARGET = 14.1;
				MTL_ENABLE_DEBUG_INFO = INCLUDE_SOURCE;
				MTL_FAST_MATH = YES;
				ONLY_ACTIVE_ARCH = YES;
				SDKROOT = iphoneos;
				SWIFT_ACTIVE_COMPILATION_CONDITIONS = DEBUG;
				SWIFT_OPTIMIZATION_LEVEL = "-Onone";
			};
			name = Debug;
		};
		B56B36AB25515B1C006C1FA6 /* Release */ = {
			isa = XCBuildConfiguration;
			buildSettings = {
				ALWAYS_SEARCH_USER_PATHS = NO;
				CLANG_ANALYZER_NONNULL = YES;
				CLANG_ANALYZER_NUMBER_OBJECT_CONVERSION = YES_AGGRESSIVE;
				CLANG_CXX_LANGUAGE_STANDARD = "gnu++14";
				CLANG_CXX_LIBRARY = "libc++";
				CLANG_ENABLE_MODULES = YES;
				CLANG_ENABLE_OBJC_ARC = YES;
				CLANG_ENABLE_OBJC_WEAK = YES;
				CLANG_WARN_BLOCK_CAPTURE_AUTORELEASING = YES;
				CLANG_WARN_BOOL_CONVERSION = YES;
				CLANG_WARN_COMMA = YES;
				CLANG_WARN_CONSTANT_CONVERSION = YES;
				CLANG_WARN_DEPRECATED_OBJC_IMPLEMENTATIONS = YES;
				CLANG_WARN_DIRECT_OBJC_ISA_USAGE = YES_ERROR;
				CLANG_WARN_DOCUMENTATION_COMMENTS = YES;
				CLANG_WARN_EMPTY_BODY = YES;
				CLANG_WARN_ENUM_CONVERSION = YES;
				CLANG_WARN_INFINITE_RECURSION = YES;
				CLANG_WARN_INT_CONVERSION = YES;
				CLANG_WARN_NON_LITERAL_NULL_CONVERSION = YES;
				CLANG_WARN_OBJC_IMPLICIT_RETAIN_SELF = YES;
				CLANG_WARN_OBJC_LITERAL_CONVERSION = YES;
				CLANG_WARN_OBJC_ROOT_CLASS = YES_ERROR;
				CLANG_WARN_QUOTED_INCLUDE_IN_FRAMEWORK_HEADER = YES;
				CLANG_WARN_RANGE_LOOP_ANALYSIS = YES;
				CLANG_WARN_STRICT_PROTOTYPES = YES;
				CLANG_WARN_SUSPICIOUS_MOVE = YES;
				CLANG_WARN_UNGUARDED_AVAILABILITY = YES_AGGRESSIVE;
				CLANG_WARN_UNREACHABLE_CODE = YES;
				CLANG_WARN__DUPLICATE_METHOD_MATCH = YES;
				COPY_PHASE_STRIP = NO;
				DEBUG_INFORMATION_FORMAT = "dwarf-with-dsym";
				ENABLE_NS_ASSERTIONS = NO;
				ENABLE_STRICT_OBJC_MSGSEND = YES;
				GCC_C_LANGUAGE_STANDARD = gnu11;
				GCC_NO_COMMON_BLOCKS = YES;
				GCC_WARN_64_TO_32_BIT_CONVERSION = YES;
				GCC_WARN_ABOUT_RETURN_TYPE = YES_ERROR;
				GCC_WARN_UNDECLARED_SELECTOR = YES;
				GCC_WARN_UNINITIALIZED_AUTOS = YES_AGGRESSIVE;
				GCC_WARN_UNUSED_FUNCTION = YES;
				GCC_WARN_UNUSED_VARIABLE = YES;
				IPHONEOS_DEPLOYMENT_TARGET = 14.1;
				MTL_ENABLE_DEBUG_INFO = NO;
				MTL_FAST_MATH = YES;
				SDKROOT = iphoneos;
				SWIFT_COMPILATION_MODE = wholemodule;
				SWIFT_OPTIMIZATION_LEVEL = "-O";
				VALIDATE_PRODUCT = YES;
			};
			name = Release;
		};
		B56B36AD25515B1C006C1FA6 /* Debug */ = {
			isa = XCBuildConfiguration;
			buildSettings = {
				ASSETCATALOG_COMPILER_APPICON_NAME = AppIcon;
				ASSETCATALOG_COMPILER_GLOBAL_ACCENT_COLOR_NAME = AccentColor;
				CODE_SIGN_STYLE = Automatic;
				DEVELOPMENT_ASSET_PATHS = "\"Listuff/Preview Content\"";
				DEVELOPMENT_TEAM = 7264WXZM7J;
				ENABLE_PREVIEWS = YES;
				INFOPLIST_FILE = Listuff/Info.plist;
				IPHONEOS_DEPLOYMENT_TARGET = 14.0;
				LD_RUNPATH_SEARCH_PATHS = (
					"$(inherited)",
					"@executable_path/Frameworks",
				);
				PRODUCT_BUNDLE_IDENTIFIER = info.migmit.Listuff;
				PRODUCT_NAME = "$(TARGET_NAME)";
				SWIFT_VERSION = 5.0;
				TARGETED_DEVICE_FAMILY = 2;
			};
			name = Debug;
		};
		B56B36AE25515B1C006C1FA6 /* Release */ = {
			isa = XCBuildConfiguration;
			buildSettings = {
				ASSETCATALOG_COMPILER_APPICON_NAME = AppIcon;
				ASSETCATALOG_COMPILER_GLOBAL_ACCENT_COLOR_NAME = AccentColor;
				CODE_SIGN_STYLE = Automatic;
				DEVELOPMENT_ASSET_PATHS = "\"Listuff/Preview Content\"";
				DEVELOPMENT_TEAM = 7264WXZM7J;
				ENABLE_PREVIEWS = YES;
				INFOPLIST_FILE = Listuff/Info.plist;
				IPHONEOS_DEPLOYMENT_TARGET = 14.0;
				LD_RUNPATH_SEARCH_PATHS = (
					"$(inherited)",
					"@executable_path/Frameworks",
				);
				PRODUCT_BUNDLE_IDENTIFIER = info.migmit.Listuff;
				PRODUCT_NAME = "$(TARGET_NAME)";
				SWIFT_VERSION = 5.0;
				TARGETED_DEVICE_FAMILY = 2;
			};
			name = Release;
		};
		B56B36B025515B1C006C1FA6 /* Debug */ = {
			isa = XCBuildConfiguration;
			buildSettings = {
				ALWAYS_EMBED_SWIFT_STANDARD_LIBRARIES = YES;
				BUNDLE_LOADER = "$(TEST_HOST)";
				CODE_SIGN_STYLE = Automatic;
				DEVELOPMENT_TEAM = 7264WXZM7J;
				INFOPLIST_FILE = ListuffTests/Info.plist;
				IPHONEOS_DEPLOYMENT_TARGET = 14.0;
				LD_RUNPATH_SEARCH_PATHS = (
					"$(inherited)",
					"@executable_path/Frameworks",
					"@loader_path/Frameworks",
				);
				PRODUCT_BUNDLE_IDENTIFIER = info.migmit.ListuffTests;
				PRODUCT_NAME = "$(TARGET_NAME)";
				SWIFT_VERSION = 5.0;
				TARGETED_DEVICE_FAMILY = "1,2";
				TEST_HOST = "$(BUILT_PRODUCTS_DIR)/Listuff.app/Listuff";
			};
			name = Debug;
		};
		B56B36B125515B1C006C1FA6 /* Release */ = {
			isa = XCBuildConfiguration;
			buildSettings = {
				ALWAYS_EMBED_SWIFT_STANDARD_LIBRARIES = YES;
				BUNDLE_LOADER = "$(TEST_HOST)";
				CODE_SIGN_STYLE = Automatic;
				DEVELOPMENT_TEAM = 7264WXZM7J;
				INFOPLIST_FILE = ListuffTests/Info.plist;
				IPHONEOS_DEPLOYMENT_TARGET = 14.0;
				LD_RUNPATH_SEARCH_PATHS = (
					"$(inherited)",
					"@executable_path/Frameworks",
					"@loader_path/Frameworks",
				);
				PRODUCT_BUNDLE_IDENTIFIER = info.migmit.ListuffTests;
				PRODUCT_NAME = "$(TARGET_NAME)";
				SWIFT_VERSION = 5.0;
				TARGETED_DEVICE_FAMILY = "1,2";
				TEST_HOST = "$(BUILT_PRODUCTS_DIR)/Listuff.app/Listuff";
			};
			name = Release;
		};
		B56B36B325515B1C006C1FA6 /* Debug */ = {
			isa = XCBuildConfiguration;
			buildSettings = {
				ALWAYS_EMBED_SWIFT_STANDARD_LIBRARIES = YES;
				CODE_SIGN_STYLE = Automatic;
				DEVELOPMENT_TEAM = 7264WXZM7J;
				INFOPLIST_FILE = ListuffUITests/Info.plist;
				LD_RUNPATH_SEARCH_PATHS = (
					"$(inherited)",
					"@executable_path/Frameworks",
					"@loader_path/Frameworks",
				);
				PRODUCT_BUNDLE_IDENTIFIER = info.migmit.ListuffUITests;
				PRODUCT_NAME = "$(TARGET_NAME)";
				SWIFT_VERSION = 5.0;
				TARGETED_DEVICE_FAMILY = "1,2";
				TEST_TARGET_NAME = Listuff;
			};
			name = Debug;
		};
		B56B36B425515B1C006C1FA6 /* Release */ = {
			isa = XCBuildConfiguration;
			buildSettings = {
				ALWAYS_EMBED_SWIFT_STANDARD_LIBRARIES = YES;
				CODE_SIGN_STYLE = Automatic;
				DEVELOPMENT_TEAM = 7264WXZM7J;
				INFOPLIST_FILE = ListuffUITests/Info.plist;
				LD_RUNPATH_SEARCH_PATHS = (
					"$(inherited)",
					"@executable_path/Frameworks",
					"@loader_path/Frameworks",
				);
				PRODUCT_BUNDLE_IDENTIFIER = info.migmit.ListuffUITests;
				PRODUCT_NAME = "$(TARGET_NAME)";
				SWIFT_VERSION = 5.0;
				TARGETED_DEVICE_FAMILY = "1,2";
				TEST_TARGET_NAME = Listuff;
			};
			name = Release;
		};
/* End XCBuildConfiguration section */

/* Begin XCConfigurationList section */
		B56B367D25515B1B006C1FA6 /* Build configuration list for PBXProject "Listuff" */ = {
			isa = XCConfigurationList;
			buildConfigurations = (
				B56B36AA25515B1C006C1FA6 /* Debug */,
				B56B36AB25515B1C006C1FA6 /* Release */,
			);
			defaultConfigurationIsVisible = 0;
			defaultConfigurationName = Release;
		};
		B56B36AC25515B1C006C1FA6 /* Build configuration list for PBXNativeTarget "Listuff" */ = {
			isa = XCConfigurationList;
			buildConfigurations = (
				B56B36AD25515B1C006C1FA6 /* Debug */,
				B56B36AE25515B1C006C1FA6 /* Release */,
			);
			defaultConfigurationIsVisible = 0;
			defaultConfigurationName = Release;
		};
		B56B36AF25515B1C006C1FA6 /* Build configuration list for PBXNativeTarget "ListuffTests" */ = {
			isa = XCConfigurationList;
			buildConfigurations = (
				B56B36B025515B1C006C1FA6 /* Debug */,
				B56B36B125515B1C006C1FA6 /* Release */,
			);
			defaultConfigurationIsVisible = 0;
			defaultConfigurationName = Release;
		};
		B56B36B225515B1C006C1FA6 /* Build configuration list for PBXNativeTarget "ListuffUITests" */ = {
			isa = XCConfigurationList;
			buildConfigurations = (
				B56B36B325515B1C006C1FA6 /* Debug */,
				B56B36B425515B1C006C1FA6 /* Release */,
			);
			defaultConfigurationIsVisible = 0;
			defaultConfigurationName = Release;
		};
/* End XCConfigurationList section */

/* Begin XCVersionGroup section */
		B56B369025515B1C006C1FA6 /* Listuff.xcdatamodeld */ = {
			isa = XCVersionGroup;
			children = (
				B56B369125515B1C006C1FA6 /* Listuff.xcdatamodel */,
			);
			currentVersion = B56B369125515B1C006C1FA6 /* Listuff.xcdatamodel */;
			path = Listuff.xcdatamodeld;
			sourceTree = "<group>";
			versionGroupType = wrapper.xcdatamodel;
		};
/* End XCVersionGroup section */
	};
	rootObject = B56B367A25515B1B006C1FA6 /* Project object */;
}
